// !$*UTF8*$!
{
	archiveVersion = 1;
	classes = {
	};
	objectVersion = 50;
	objects = {

/* Begin PBXBuildFile section */
		B85756E72568A7A30087399F /* AppDelegate.swift in Sources */ = {isa = PBXBuildFile; fileRef = B85756E62568A7A30087399F /* AppDelegate.swift */; };
		B85756E92568A7A30087399F /* SceneDelegate.swift in Sources */ = {isa = PBXBuildFile; fileRef = B85756E82568A7A30087399F /* SceneDelegate.swift */; };
		B85756EB2568A7A30087399F /* ViewController.swift in Sources */ = {isa = PBXBuildFile; fileRef = B85756EA2568A7A30087399F /* ViewController.swift */; };
		B85756EE2568A7A30087399F /* Main.storyboard in Resources */ = {isa = PBXBuildFile; fileRef = B85756EC2568A7A30087399F /* Main.storyboard */; };
		B85756F02568A7A60087399F /* Assets.xcassets in Resources */ = {isa = PBXBuildFile; fileRef = B85756EF2568A7A60087399F /* Assets.xcassets */; };
		B85756F32568A7A60087399F /* LaunchScreen.storyboard in Resources */ = {isa = PBXBuildFile; fileRef = B85756F12568A7A60087399F /* LaunchScreen.storyboard */; };
		B85756FD256B2F820087399F /* myTrained.mlmodel in Sources */ = {isa = PBXBuildFile; fileRef = B85756FC256B2F820087399F /* myTrained.mlmodel */; };
		B85757012576C9A30087399F /* YourNewModel.mlmodel in Sources */ = {isa = PBXBuildFile; fileRef = B85757002576C9A30087399F /* YourNewModel.mlmodel */; };
		B85757052578252F0087399F /* UIImage+CVPixelBuffer.swift in Sources */ = {isa = PBXBuildFile; fileRef = B85757042578252F0087399F /* UIImage+CVPixelBuffer.swift */; };
		B857570725782DCA0087399F /* images in Resources */ = {isa = PBXBuildFile; fileRef = B857570625782DCA0087399F /* images */; };
		B8575729257BE9BA0087399F /* CameraView.swift in Sources */ = {isa = PBXBuildFile; fileRef = B8575728257BE9BA0087399F /* CameraView.swift */; };
/* End PBXBuildFile section */

/* Begin PBXFileReference section */
		B85756E32568A7A30087399F /* machinelearningtest.app */ = {isa = PBXFileReference; explicitFileType = wrapper.application; includeInIndex = 0; path = machinelearningtest.app; sourceTree = BUILT_PRODUCTS_DIR; };
		B85756E62568A7A30087399F /* AppDelegate.swift */ = {isa = PBXFileReference; lastKnownFileType = sourcecode.swift; path = AppDelegate.swift; sourceTree = "<group>"; };
		B85756E82568A7A30087399F /* SceneDelegate.swift */ = {isa = PBXFileReference; lastKnownFileType = sourcecode.swift; path = SceneDelegate.swift; sourceTree = "<group>"; };
		B85756EA2568A7A30087399F /* ViewController.swift */ = {isa = PBXFileReference; lastKnownFileType = sourcecode.swift; path = ViewController.swift; sourceTree = "<group>"; };
		B85756ED2568A7A30087399F /* Base */ = {isa = PBXFileReference; lastKnownFileType = file.storyboard; name = Base; path = Base.lproj/Main.storyboard; sourceTree = "<group>"; };
		B85756EF2568A7A60087399F /* Assets.xcassets */ = {isa = PBXFileReference; lastKnownFileType = folder.assetcatalog; path = Assets.xcassets; sourceTree = "<group>"; };
		B85756F22568A7A60087399F /* Base */ = {isa = PBXFileReference; lastKnownFileType = file.storyboard; name = Base; path = Base.lproj/LaunchScreen.storyboard; sourceTree = "<group>"; };
		B85756F42568A7A60087399F /* Info.plist */ = {isa = PBXFileReference; lastKnownFileType = text.plist.xml; path = Info.plist; sourceTree = "<group>"; };
		B85756FC256B2F820087399F /* myTrained.mlmodel */ = {isa = PBXFileReference; lastKnownFileType = file.mlmodel; path = myTrained.mlmodel; sourceTree = "<group>"; };
		B85757002576C9A30087399F /* YourNewModel.mlmodel */ = {isa = PBXFileReference; lastKnownFileType = file.mlmodel; path = YourNewModel.mlmodel; sourceTree = "<group>"; };
		B85757042578252F0087399F /* UIImage+CVPixelBuffer.swift */ = {isa = PBXFileReference; fileEncoding = 4; lastKnownFileType = sourcecode.swift; path = "UIImage+CVPixelBuffer.swift"; sourceTree = "<group>"; };
		B857570625782DCA0087399F /* images */ = {isa = PBXFileReference; lastKnownFileType = folder; path = images; sourceTree = "<group>"; };
		B8575728257BE9BA0087399F /* CameraView.swift */ = {isa = PBXFileReference; lastKnownFileType = sourcecode.swift; path = CameraView.swift; sourceTree = "<group>"; };
/* End PBXFileReference section */

/* Begin PBXFrameworksBuildPhase section */
		B85756E02568A7A30087399F /* Frameworks */ = {
			isa = PBXFrameworksBuildPhase;
			buildActionMask = 2147483647;
			files = (
			);
			runOnlyForDeploymentPostprocessing = 0;
		};
/* End PBXFrameworksBuildPhase section */

/* Begin PBXGroup section */
		B85756DA2568A7A30087399F = {
			isa = PBXGroup;
			children = (
				B85756E52568A7A30087399F /* machinelearningtest */,
				B85756E42568A7A30087399F /* Products */,
			);
			sourceTree = "<group>";
		};
		B85756E42568A7A30087399F /* Products */ = {
			isa = PBXGroup;
			children = (
				B85756E32568A7A30087399F /* machinelearningtest.app */,
			);
			name = Products;
			sourceTree = "<group>";
		};
		B85756E52568A7A30087399F /* machinelearningtest */ = {
			isa = PBXGroup;
			children = (
				B857570625782DCA0087399F /* images */,
				B85756E62568A7A30087399F /* AppDelegate.swift */,
				B8575728257BE9BA0087399F /* CameraView.swift */,
				B85756E82568A7A30087399F /* SceneDelegate.swift */,
				B85756EA2568A7A30087399F /* ViewController.swift */,
				B85757042578252F0087399F /* UIImage+CVPixelBuffer.swift */,
				B85756EC2568A7A30087399F /* Main.storyboard */,
				B85756EF2568A7A60087399F /* Assets.xcassets */,
				B85756F12568A7A60087399F /* LaunchScreen.storyboard */,
				B85756FC256B2F820087399F /* myTrained.mlmodel */,
				B85757002576C9A30087399F /* YourNewModel.mlmodel */,
				B85756F42568A7A60087399F /* Info.plist */,
			);
			path = machinelearningtest;
			sourceTree = "<group>";
		};
/* End PBXGroup section */

/* Begin PBXNativeTarget section */
		B85756E22568A7A30087399F /* machinelearningtest */ = {
			isa = PBXNativeTarget;
			buildConfigurationList = B85756F72568A7A60087399F /* Build configuration list for PBXNativeTarget "machinelearningtest" */;
			buildPhases = (
				B85756DF2568A7A30087399F /* Sources */,
				B85756E02568A7A30087399F /* Frameworks */,
				B85756E12568A7A30087399F /* Resources */,
			);
			buildRules = (
			);
			dependencies = (
			);
			name = machinelearningtest;
			productName = machinelearningtest;
			productReference = B85756E32568A7A30087399F /* machinelearningtest.app */;
			productType = "com.apple.product-type.application";
		};
/* End PBXNativeTarget section */

/* Begin PBXProject section */
		B85756DB2568A7A30087399F /* Project object */ = {
			isa = PBXProject;
			attributes = {
				LastSwiftUpdateCheck = 1130;
				LastUpgradeCheck = 1130;
				ORGANIZATIONNAME = "Jimmy Sun";
				TargetAttributes = {
					B85756E22568A7A30087399F = {
						CreatedOnToolsVersion = 11.3.1;
					};
				};
			};
			buildConfigurationList = B85756DE2568A7A30087399F /* Build configuration list for PBXProject "machinelearningtest" */;
			compatibilityVersion = "Xcode 9.3";
			developmentRegion = en;
			hasScannedForEncodings = 0;
			knownRegions = (
				en,
				Base,
			);
			mainGroup = B85756DA2568A7A30087399F;
			productRefGroup = B85756E42568A7A30087399F /* Products */;
			projectDirPath = "";
			projectRoot = "";
			targets = (
				B85756E22568A7A30087399F /* machinelearningtest */,
			);
		};
/* End PBXProject section */

/* Begin PBXResourcesBuildPhase section */
		B85756E12568A7A30087399F /* Resources */ = {
			isa = PBXResourcesBuildPhase;
			buildActionMask = 2147483647;
			files = (
				B857570725782DCA0087399F /* images in Resources */,
				B85756F32568A7A60087399F /* LaunchScreen.storyboard in Resources */,
				B85756F02568A7A60087399F /* Assets.xcassets in Resources */,
				B85756EE2568A7A30087399F /* Main.storyboard in Resources */,
			);
			runOnlyForDeploymentPostprocessing = 0;
		};
/* End PBXResourcesBuildPhase section */

/* Begin PBXSourcesBuildPhase section */
		B85756DF2568A7A30087399F /* Sources */ = {
			isa = PBXSourcesBuildPhase;
			buildActionMask = 2147483647;
			files = (
				B85756EB2568A7A30087399F /* ViewController.swift in Sources */,
				B8575729257BE9BA0087399F /* CameraView.swift in Sources */,
				B85757052578252F0087399F /* UIImage+CVPixelBuffer.swift in Sources */,
				B85756E72568A7A30087399F /* AppDelegate.swift in Sources */,
				B85757012576C9A30087399F /* YourNewModel.mlmodel in Sources */,
				B85756FD256B2F820087399F /* myTrained.mlmodel in Sources */,
				B85756E92568A7A30087399F /* SceneDelegate.swift in Sources */,
			);
			runOnlyForDeploymentPostprocessing = 0;
		};
/* End PBXSourcesBuildPhase section */

/* Begin PBXVariantGroup section */
		B85756EC2568A7A30087399F /* Main.storyboard */ = {
			isa = PBXVariantGroup;
			children = (
				B85756ED2568A7A30087399F /* Base */,
			);
			name = Main.storyboard;
			sourceTree = "<group>";
		};
		B85756F12568A7A60087399F /* LaunchScreen.storyboard */ = {
			isa = PBXVariantGroup;
			children = (
				B85756F22568A7A60087399F /* Base */,
			);
			name = LaunchScreen.storyboard;
			sourceTree = "<group>";
		};
/* End PBXVariantGroup section */

/* Begin XCBuildConfiguration section */
		B85756F52568A7A60087399F /* Debug */ = {
			isa = XCBuildConfiguration;
			buildSettings = {
				ALWAYS_SEARCH_USER_PATHS = NO;
				CLANG_ANALYZER_NONNULL = YES;
				CLANG_ANALYZER_NUMBER_OBJECT_CONVERSION = YES_AGGRESSIVE;
				CLANG_CXX_LANGUAGE_STANDARD = "gnu++14";
				CLANG_CXX_LIBRARY = "libc++";
				CLANG_ENABLE_MODULES = YES;
				CLANG_ENABLE_OBJC_ARC = YES;
				CLANG_ENABLE_OBJC_WEAK = YES;
				CLANG_WARN_BLOCK_CAPTURE_AUTORELEASING = YES;
				CLANG_WARN_BOOL_CONVERSION = YES;
				CLANG_WARN_COMMA = YES;
				CLANG_WARN_CONSTANT_CONVERSION = YES;
				CLANG_WARN_DEPRECATED_OBJC_IMPLEMENTATIONS = YES;
				CLANG_WARN_DIRECT_OBJC_ISA_USAGE = YES_ERROR;
				CLANG_WARN_DOCUMENTATION_COMMENTS = YES;
				CLANG_WARN_EMPTY_BODY = YES;
				CLANG_WARN_ENUM_CONVERSION = YES;
				CLANG_WARN_INFINITE_RECURSION = YES;
				CLANG_WARN_INT_CONVERSION = YES;
				CLANG_WARN_NON_LITERAL_NULL_CONVERSION = YES;
				CLANG_WARN_OBJC_IMPLICIT_RETAIN_SELF = YES;
				CLANG_WARN_OBJC_LITERAL_CONVERSION = YES;
				CLANG_WARN_OBJC_ROOT_CLASS = YES_ERROR;
				CLANG_WARN_RANGE_LOOP_ANALYSIS = YES;
				CLANG_WARN_STRICT_PROTOTYPES = YES;
				CLANG_WARN_SUSPICIOUS_MOVE = YES;
				CLANG_WARN_UNGUARDED_AVAILABILITY = YES_AGGRESSIVE;
				CLANG_WARN_UNREACHABLE_CODE = YES;
				CLANG_WARN__DUPLICATE_METHOD_MATCH = YES;
				COPY_PHASE_STRIP = NO;
				DEBUG_INFORMATION_FORMAT = dwarf;
				ENABLE_STRICT_OBJC_MSGSEND = YES;
				ENABLE_TESTABILITY = YES;
				GCC_C_LANGUAGE_STANDARD = gnu11;
				GCC_DYNAMIC_NO_PIC = NO;
				GCC_NO_COMMON_BLOCKS = YES;
				GCC_OPTIMIZATION_LEVEL = 0;
				GCC_PREPROCESSOR_DEFINITIONS = (
					"DEBUG=1",
					"$(inherited)",
				);
				GCC_WARN_64_TO_32_BIT_CONVERSION = YES;
				GCC_WARN_ABOUT_RETURN_TYPE = YES_ERROR;
				GCC_WARN_UNDECLARED_SELECTOR = YES;
				GCC_WARN_UNINITIALIZED_AUTOS = YES_AGGRESSIVE;
				GCC_WARN_UNUSED_FUNCTION = YES;
				GCC_WARN_UNUSED_VARIABLE = YES;
				IPHONEOS_DEPLOYMENT_TARGET = 13.2;
				MTL_ENABLE_DEBUG_INFO = INCLUDE_SOURCE;
				MTL_FAST_MATH = YES;
				ONLY_ACTIVE_ARCH = YES;
				SDKROOT = iphoneos;
				SWIFT_ACTIVE_COMPILATION_CONDITIONS = DEBUG;
				SWIFT_OPTIMIZATION_LEVEL = "-Onone";
			};
			name = Debug;
		};
		B85756F62568A7A60087399F /* Release */ = {
			isa = XCBuildConfiguration;
			buildSettings = {
				ALWAYS_SEARCH_USER_PATHS = NO;
				CLANG_ANALYZER_NONNULL = YES;
				CLANG_ANALYZER_NUMBER_OBJECT_CONVERSION = YES_AGGRESSIVE;
				CLANG_CXX_LANGUAGE_STANDARD = "gnu++14";
				CLANG_CXX_LIBRARY = "libc++";
				CLANG_ENABLE_MODULES = YES;
				CLANG_ENABLE_OBJC_ARC = YES;
				CLANG_ENABLE_OBJC_WEAK = YES;
				CLANG_WARN_BLOCK_CAPTURE_AUTORELEASING = YES;
				CLANG_WARN_BOOL_CONVERSION = YES;
				CLANG_WARN_COMMA = YES;
				CLANG_WARN_CONSTANT_CONVERSION = YES;
				CLANG_WARN_DEPRECATED_OBJC_IMPLEMENTATIONS = YES;
				CLANG_WARN_DIRECT_OBJC_ISA_USAGE = YES_ERROR;
				CLANG_WARN_DOCUMENTATION_COMMENTS = YES;
				CLANG_WARN_EMPTY_BODY = YES;
				CLANG_WARN_ENUM_CONVERSION = YES;
				CLANG_WARN_INFINITE_RECURSION = YES;
				CLANG_WARN_INT_CONVERSION = YES;
				CLANG_WARN_NON_LITERAL_NULL_CONVERSION = YES;
				CLANG_WARN_OBJC_IMPLICIT_RETAIN_SELF = YES;
				CLANG_WARN_OBJC_LITERAL_CONVERSION = YES;
				CLANG_WARN_OBJC_ROOT_CLASS = YES_ERROR;
				CLANG_WARN_RANGE_LOOP_ANALYSIS = YES;
				CLANG_WARN_STRICT_PROTOTYPES = YES;
				CLANG_WARN_SUSPICIOUS_MOVE = YES;
				CLANG_WARN_UNGUARDED_AVAILABILITY = YES_AGGRESSIVE;
				CLANG_WARN_UNREACHABLE_CODE = YES;
				CLANG_WARN__DUPLICATE_METHOD_MATCH = YES;
				COPY_PHASE_STRIP = NO;
				DEBUG_INFORMATION_FORMAT = "dwarf-with-dsym";
				ENABLE_NS_ASSERTIONS = NO;
				ENABLE_STRICT_OBJC_MSGSEND = YES;
				GCC_C_LANGUAGE_STANDARD = gnu11;
				GCC_NO_COMMON_BLOCKS = YES;
				GCC_WARN_64_TO_32_BIT_CONVERSION = YES;
				GCC_WARN_ABOUT_RETURN_TYPE = YES_ERROR;
				GCC_WARN_UNDECLARED_SELECTOR = YES;
				GCC_WARN_UNINITIALIZED_AUTOS = YES_AGGRESSIVE;
				GCC_WARN_UNUSED_FUNCTION = YES;
				GCC_WARN_UNUSED_VARIABLE = YES;
				IPHONEOS_DEPLOYMENT_TARGET = 13.2;
				MTL_ENABLE_DEBUG_INFO = NO;
				MTL_FAST_MATH = YES;
				SDKROOT = iphoneos;
				SWIFT_COMPILATION_MODE = wholemodule;
				SWIFT_OPTIMIZATION_LEVEL = "-O";
				VALIDATE_PRODUCT = YES;
			};
			name = Release;
		};
		B85756F82568A7A60087399F /* Debug */ = {
			isa = XCBuildConfiguration;
			buildSettings = {
				ASSETCATALOG_COMPILER_APPICON_NAME = AppIcon;
				CODE_SIGN_STYLE = Automatic;
				DEVELOPMENT_TEAM = F2DFJFGVGV;
				INFOPLIST_FILE = machinelearningtest/Info.plist;
				IPHONEOS_DEPLOYMENT_TARGET = 13.0;
				LD_RUNPATH_SEARCH_PATHS = (
					"$(inherited)",
					"@executable_path/Frameworks",
				);
				PRODUCT_BUNDLE_IDENTIFIER = jimmysun.machinelearningtest;
				PRODUCT_NAME = "$(TARGET_NAME)";
				SWIFT_VERSION = 5.0;
				TARGETED_DEVICE_FAMILY = "1,2";
			};
			name = Debug;
		};
		B85756F92568A7A60087399F /* Release */ = {
			isa = XCBuildConfiguration;
			buildSettings = {
				ASSETCATALOG_COMPILER_APPICON_NAME = AppIcon;
				CODE_SIGN_STYLE = Automatic;
				DEVELOPMENT_TEAM = F2DFJFGVGV;
				INFOPLIST_FILE = machinelearningtest/Info.plist;
				IPHONEOS_DEPLOYMENT_TARGET = 13.0;
				LD_RUNPATH_SEARCH_PATHS = (
					"$(inherited)",
					"@executable_path/Frameworks",
				);
				PRODUCT_BUNDLE_IDENTIFIER = jimmysun.machinelearningtest;
				PRODUCT_NAME = "$(TARGET_NAME)";
				SWIFT_VERSION = 5.0;
				TARGETED_DEVICE_FAMILY = "1,2";
			};
			name = Release;
		};
/* End XCBuildConfiguration section */

/* Begin XCConfigurationList section */
		B85756DE2568A7A30087399F /* Build configuration list for PBXProject "machinelearningtest" */ = {
			isa = XCConfigurationList;
			buildConfigurations = (
				B85756F52568A7A60087399F /* Debug */,
				B85756F62568A7A60087399F /* Release */,
			);
			defaultConfigurationIsVisible = 0;
			defaultConfigurationName = Release;
		};
		B85756F72568A7A60087399F /* Build configuration list for PBXNativeTarget "machinelearningtest" */ = {
			isa = XCConfigurationList;
			buildConfigurations = (
				B85756F82568A7A60087399F /* Debug */,
				B85756F92568A7A60087399F /* Release */,
			);
			defaultConfigurationIsVisible = 0;
			defaultConfigurationName = Release;
		};
/* End XCConfigurationList section */
	};
	rootObject = B85756DB2568A7A30087399F /* Project object */;
}
